// !$*UTF8*$!
{
	archiveVersion = 1;
	classes = {
	};
	objectVersion = 46;
	objects = {

/* Begin PBXBuildFile section */
		F919A0E219278A5F0084F662 /* Foundation.framework in Frameworks */ = {isa = PBXBuildFile; fileRef = F919A0E119278A5F0084F662 /* Foundation.framework */; };
		F919A0E419278A5F0084F662 /* CoreGraphics.framework in Frameworks */ = {isa = PBXBuildFile; fileRef = F919A0E319278A5F0084F662 /* CoreGraphics.framework */; };
		F919A0E619278A5F0084F662 /* UIKit.framework in Frameworks */ = {isa = PBXBuildFile; fileRef = F919A0E519278A5F0084F662 /* UIKit.framework */; };
		F919A0EC19278A5F0084F662 /* InfoPlist.strings in Resources */ = {isa = PBXBuildFile; fileRef = F919A0EA19278A5F0084F662 /* InfoPlist.strings */; };
		F919A0EE19278A5F0084F662 /* main.m in Sources */ = {isa = PBXBuildFile; fileRef = F919A0ED19278A5F0084F662 /* main.m */; };
		F919A0F219278A5F0084F662 /* AppDelegate.m in Sources */ = {isa = PBXBuildFile; fileRef = F919A0F119278A5F0084F662 /* AppDelegate.m */; };
		F919A0F519278A5F0084F662 /* Main_iPhone.storyboard in Resources */ = {isa = PBXBuildFile; fileRef = F919A0F319278A5F0084F662 /* Main_iPhone.storyboard */; };
		F919A0F819278A5F0084F662 /* Main_iPad.storyboard in Resources */ = {isa = PBXBuildFile; fileRef = F919A0F619278A5F0084F662 /* Main_iPad.storyboard */; };
		F919A0FB19278A5F0084F662 /* ViewController.m in Sources */ = {isa = PBXBuildFile; fileRef = F919A0FA19278A5F0084F662 /* ViewController.m */; };
		F919A0FD19278A5F0084F662 /* Images.xcassets in Resources */ = {isa = PBXBuildFile; fileRef = F919A0FC19278A5F0084F662 /* Images.xcassets */; };
		F919A10419278A5F0084F662 /* XCTest.framework in Frameworks */ = {isa = PBXBuildFile; fileRef = F919A10319278A5F0084F662 /* XCTest.framework */; };
		F919A10519278A5F0084F662 /* Foundation.framework in Frameworks */ = {isa = PBXBuildFile; fileRef = F919A0E119278A5F0084F662 /* Foundation.framework */; };
		F919A10619278A5F0084F662 /* UIKit.framework in Frameworks */ = {isa = PBXBuildFile; fileRef = F919A0E519278A5F0084F662 /* UIKit.framework */; };
		F919A10E19278A5F0084F662 /* InfoPlist.strings in Resources */ = {isa = PBXBuildFile; fileRef = F919A10C19278A5F0084F662 /* InfoPlist.strings */; };
		F919A11019278A5F0084F662 /* WebSocketChatTests.m in Sources */ = {isa = PBXBuildFile; fileRef = F919A10F19278A5F0084F662 /* WebSocketChatTests.m */; };
		F919A12A19278C080084F662 /* CFNetwork.framework in Frameworks */ = {isa = PBXBuildFile; fileRef = F919A12919278C080084F662 /* CFNetwork.framework */; };
		F919A12C19278C240084F662 /* Security.framework in Frameworks */ = {isa = PBXBuildFile; fileRef = F919A12B19278C240084F662 /* Security.framework */; };
		F919A12E19278C5E0084F662 /* libicucore.dylib in Frameworks */ = {isa = PBXBuildFile; fileRef = F919A12D19278C5E0084F662 /* libicucore.dylib */; };
		F919A13E192790940084F662 /* libSocketRocket.a in Frameworks */ = {isa = PBXBuildFile; fileRef = F919A137192790800084F662 /* libSocketRocket.a */; };
/* End PBXBuildFile section */

/* Begin PBXContainerItemProxy section */
		F919A10719278A5F0084F662 /* PBXContainerItemProxy */ = {
			isa = PBXContainerItemProxy;
			containerPortal = F919A0D619278A5F0084F662 /* Project object */;
			proxyType = 1;
			remoteGlobalIDString = F919A0DD19278A5F0084F662;
			remoteInfo = WebSocketChat;
		};
		F919A136192790800084F662 /* PBXContainerItemProxy */ = {
			isa = PBXContainerItemProxy;
			containerPortal = F919A12F1927907F0084F662 /* SocketRocket.xcodeproj */;
			proxyType = 2;
			remoteGlobalIDString = F6B2082D1450F597009315AF;
			remoteInfo = SocketRocket;
		};
		F919A138192790800084F662 /* PBXContainerItemProxy */ = {
			isa = PBXContainerItemProxy;
			containerPortal = F919A12F1927907F0084F662 /* SocketRocket.xcodeproj */;
			proxyType = 2;
			remoteGlobalIDString = F668C880153E91210044DBAC;
			remoteInfo = SocketRocketOSX;
		};
		F919A13A192790800084F662 /* PBXContainerItemProxy */ = {
			isa = PBXContainerItemProxy;
			containerPortal = F919A12F1927907F0084F662 /* SocketRocket.xcodeproj */;
			proxyType = 2;
			remoteGlobalIDString = F6BDA802145900D200FE3253;
			remoteInfo = SRWebSocketTests;
		};
		F919A13C192790800084F662 /* PBXContainerItemProxy */ = {
			isa = PBXContainerItemProxy;
			containerPortal = F919A12F1927907F0084F662 /* SocketRocket.xcodeproj */;
			proxyType = 2;
			remoteGlobalIDString = F62417E314D52F3C003CE997;
			remoteInfo = TestChat;
		};
/* End PBXContainerItemProxy section */

/* Begin PBXFileReference section */
		F919A0DE19278A5F0084F662 /* WebSocketChat.app */ = {isa = PBXFileReference; explicitFileType = wrapper.application; includeInIndex = 0; path = WebSocketChat.app; sourceTree = BUILT_PRODUCTS_DIR; };
		F919A0E119278A5F0084F662 /* Foundation.framework */ = {isa = PBXFileReference; lastKnownFileType = wrapper.framework; name = Foundation.framework; path = System/Library/Frameworks/Foundation.framework; sourceTree = SDKROOT; };
		F919A0E319278A5F0084F662 /* CoreGraphics.framework */ = {isa = PBXFileReference; lastKnownFileType = wrapper.framework; name = CoreGraphics.framework; path = System/Library/Frameworks/CoreGraphics.framework; sourceTree = SDKROOT; };
		F919A0E519278A5F0084F662 /* UIKit.framework */ = {isa = PBXFileReference; lastKnownFileType = wrapper.framework; name = UIKit.framework; path = System/Library/Frameworks/UIKit.framework; sourceTree = SDKROOT; };
		F919A0E919278A5F0084F662 /* WebSocketChat-Info.plist */ = {isa = PBXFileReference; lastKnownFileType = text.plist.xml; path = "WebSocketChat-Info.plist"; sourceTree = "<group>"; };
		F919A0EB19278A5F0084F662 /* en */ = {isa = PBXFileReference; lastKnownFileType = text.plist.strings; name = en; path = en.lproj/InfoPlist.strings; sourceTree = "<group>"; };
		F919A0ED19278A5F0084F662 /* main.m */ = {isa = PBXFileReference; lastKnownFileType = sourcecode.c.objc; path = main.m; sourceTree = "<group>"; };
		F919A0EF19278A5F0084F662 /* WebSocketChat-Prefix.pch */ = {isa = PBXFileReference; lastKnownFileType = sourcecode.c.h; path = "WebSocketChat-Prefix.pch"; sourceTree = "<group>"; };
		F919A0F019278A5F0084F662 /* AppDelegate.h */ = {isa = PBXFileReference; lastKnownFileType = sourcecode.c.h; path = AppDelegate.h; sourceTree = "<group>"; };
		F919A0F119278A5F0084F662 /* AppDelegate.m */ = {isa = PBXFileReference; lastKnownFileType = sourcecode.c.objc; path = AppDelegate.m; sourceTree = "<group>"; };
		F919A0F419278A5F0084F662 /* Base */ = {isa = PBXFileReference; lastKnownFileType = file.storyboard; name = Base; path = Base.lproj/Main_iPhone.storyboard; sourceTree = "<group>"; };
		F919A0F719278A5F0084F662 /* Base */ = {isa = PBXFileReference; lastKnownFileType = file.storyboard; name = Base; path = Base.lproj/Main_iPad.storyboard; sourceTree = "<group>"; };
		F919A0F919278A5F0084F662 /* ViewController.h */ = {isa = PBXFileReference; lastKnownFileType = sourcecode.c.h; path = ViewController.h; sourceTree = "<group>"; };
		F919A0FA19278A5F0084F662 /* ViewController.m */ = {isa = PBXFileReference; lastKnownFileType = sourcecode.c.objc; path = ViewController.m; sourceTree = "<group>"; };
		F919A0FC19278A5F0084F662 /* Images.xcassets */ = {isa = PBXFileReference; lastKnownFileType = folder.assetcatalog; path = Images.xcassets; sourceTree = "<group>"; };
		F919A10219278A5F0084F662 /* WebSocketChatTests.xctest */ = {isa = PBXFileReference; explicitFileType = wrapper.cfbundle; includeInIndex = 0; path = WebSocketChatTests.xctest; sourceTree = BUILT_PRODUCTS_DIR; };
		F919A10319278A5F0084F662 /* XCTest.framework */ = {isa = PBXFileReference; lastKnownFileType = wrapper.framework; name = XCTest.framework; path = Library/Frameworks/XCTest.framework; sourceTree = DEVELOPER_DIR; };
		F919A10B19278A5F0084F662 /* WebSocketChatTests-Info.plist */ = {isa = PBXFileReference; lastKnownFileType = text.plist.xml; path = "WebSocketChatTests-Info.plist"; sourceTree = "<group>"; };
		F919A10D19278A5F0084F662 /* en */ = {isa = PBXFileReference; lastKnownFileType = text.plist.strings; name = en; path = en.lproj/InfoPlist.strings; sourceTree = "<group>"; };
		F919A10F19278A5F0084F662 /* WebSocketChatTests.m */ = {isa = PBXFileReference; lastKnownFileType = sourcecode.c.objc; path = WebSocketChatTests.m; sourceTree = "<group>"; };
		F919A12919278C080084F662 /* CFNetwork.framework */ = {isa = PBXFileReference; lastKnownFileType = wrapper.framework; name = CFNetwork.framework; path = System/Library/Frameworks/CFNetwork.framework; sourceTree = SDKROOT; };
		F919A12B19278C240084F662 /* Security.framework */ = {isa = PBXFileReference; lastKnownFileType = wrapper.framework; name = Security.framework; path = System/Library/Frameworks/Security.framework; sourceTree = SDKROOT; };
		F919A12D19278C5E0084F662 /* libicucore.dylib */ = {isa = PBXFileReference; lastKnownFileType = "compiled.mach-o.dylib"; name = libicucore.dylib; path = usr/lib/libicucore.dylib; sourceTree = SDKROOT; };
		F919A12F1927907F0084F662 /* SocketRocket.xcodeproj */ = {isa = PBXFileReference; lastKnownFileType = "wrapper.pb-project"; name = SocketRocket.xcodeproj; path = "../../../../Downloads/SocketRocket-master/SocketRocket.xcodeproj"; sourceTree = "<group>"; };
/* End PBXFileReference section */

/* Begin PBXFrameworksBuildPhase section */
		F919A0DB19278A5F0084F662 /* Frameworks */ = {
			isa = PBXFrameworksBuildPhase;
			buildActionMask = 2147483647;
			files = (
				F919A13E192790940084F662 /* libSocketRocket.a in Frameworks */,
				F919A12E19278C5E0084F662 /* libicucore.dylib in Frameworks */,
				F919A12C19278C240084F662 /* Security.framework in Frameworks */,
				F919A12A19278C080084F662 /* CFNetwork.framework in Frameworks */,
				F919A0E419278A5F0084F662 /* CoreGraphics.framework in Frameworks */,
				F919A0E619278A5F0084F662 /* UIKit.framework in Frameworks */,
				F919A0E219278A5F0084F662 /* Foundation.framework in Frameworks */,
			);
			runOnlyForDeploymentPostprocessing = 0;
		};
		F919A0FF19278A5F0084F662 /* Frameworks */ = {
			isa = PBXFrameworksBuildPhase;
			buildActionMask = 2147483647;
			files = (
				F919A10419278A5F0084F662 /* XCTest.framework in Frameworks */,
				F919A10619278A5F0084F662 /* UIKit.framework in Frameworks */,
				F919A10519278A5F0084F662 /* Foundation.framework in Frameworks */,
			);
			runOnlyForDeploymentPostprocessing = 0;
		};
/* End PBXFrameworksBuildPhase section */

/* Begin PBXGroup section */
		F919A0D519278A5F0084F662 = {
			isa = PBXGroup;
			children = (
				F919A12F1927907F0084F662 /* SocketRocket.xcodeproj */,
				F919A0E719278A5F0084F662 /* WebSocketChat */,
				F919A10919278A5F0084F662 /* WebSocketChatTests */,
				F919A0E019278A5F0084F662 /* Frameworks */,
				F919A0DF19278A5F0084F662 /* Products */,
			);
			sourceTree = "<group>";
		};
		F919A0DF19278A5F0084F662 /* Products */ = {
			isa = PBXGroup;
			children = (
				F919A0DE19278A5F0084F662 /* WebSocketChat.app */,
				F919A10219278A5F0084F662 /* WebSocketChatTests.xctest */,
			);
			name = Products;
			sourceTree = "<group>";
		};
		F919A0E019278A5F0084F662 /* Frameworks */ = {
			isa = PBXGroup;
			children = (
				F919A12D19278C5E0084F662 /* libicucore.dylib */,
				F919A12B19278C240084F662 /* Security.framework */,
				F919A12919278C080084F662 /* CFNetwork.framework */,
				F919A0E119278A5F0084F662 /* Foundation.framework */,
				F919A0E319278A5F0084F662 /* CoreGraphics.framework */,
				F919A0E519278A5F0084F662 /* UIKit.framework */,
				F919A10319278A5F0084F662 /* XCTest.framework */,
			);
			name = Frameworks;
			sourceTree = "<group>";
		};
		F919A0E719278A5F0084F662 /* WebSocketChat */ = {
			isa = PBXGroup;
			children = (
				F919A0F019278A5F0084F662 /* AppDelegate.h */,
				F919A0F119278A5F0084F662 /* AppDelegate.m */,
				F919A0F319278A5F0084F662 /* Main_iPhone.storyboard */,
				F919A0F619278A5F0084F662 /* Main_iPad.storyboard */,
				F919A0F919278A5F0084F662 /* ViewController.h */,
				F919A0FA19278A5F0084F662 /* ViewController.m */,
				F919A0FC19278A5F0084F662 /* Images.xcassets */,
				F919A0E819278A5F0084F662 /* Supporting Files */,
			);
			path = WebSocketChat;
			sourceTree = "<group>";
		};
		F919A0E819278A5F0084F662 /* Supporting Files */ = {
			isa = PBXGroup;
			children = (
				F919A0E919278A5F0084F662 /* WebSocketChat-Info.plist */,
				F919A0EA19278A5F0084F662 /* InfoPlist.strings */,
				F919A0ED19278A5F0084F662 /* main.m */,
				F919A0EF19278A5F0084F662 /* WebSocketChat-Prefix.pch */,
			);
			name = "Supporting Files";
			sourceTree = "<group>";
		};
		F919A10919278A5F0084F662 /* WebSocketChatTests */ = {
			isa = PBXGroup;
			children = (
				F919A10F19278A5F0084F662 /* WebSocketChatTests.m */,
				F919A10A19278A5F0084F662 /* Supporting Files */,
			);
			path = WebSocketChatTests;
			sourceTree = "<group>";
		};
		F919A10A19278A5F0084F662 /* Supporting Files */ = {
			isa = PBXGroup;
			children = (
				F919A10B19278A5F0084F662 /* WebSocketChatTests-Info.plist */,
				F919A10C19278A5F0084F662 /* InfoPlist.strings */,
			);
			name = "Supporting Files";
			sourceTree = "<group>";
		};
		F919A1301927907F0084F662 /* Products */ = {
			isa = PBXGroup;
			children = (
				F919A137192790800084F662 /* libSocketRocket.a */,
				F919A139192790800084F662 /* SocketRocket.framework */,
				F919A13B192790800084F662 /* SRWebSocketTests.octest */,
				F919A13D192790800084F662 /* TestChat.app */,
			);
			name = Products;
			sourceTree = "<group>";
		};
/* End PBXGroup section */

/* Begin PBXNativeTarget section */
		F919A0DD19278A5F0084F662 /* WebSocketChat */ = {
			isa = PBXNativeTarget;
			buildConfigurationList = F919A11319278A5F0084F662 /* Build configuration list for PBXNativeTarget "WebSocketChat" */;
			buildPhases = (
				F919A0DA19278A5F0084F662 /* Sources */,
				F919A0DB19278A5F0084F662 /* Frameworks */,
				F919A0DC19278A5F0084F662 /* Resources */,
			);
			buildRules = (
			);
			dependencies = (
			);
			name = WebSocketChat;
			productName = WebSocketChat;
			productReference = F919A0DE19278A5F0084F662 /* WebSocketChat.app */;
			productType = "com.apple.product-type.application";
		};
		F919A10119278A5F0084F662 /* WebSocketChatTests */ = {
			isa = PBXNativeTarget;
			buildConfigurationList = F919A11619278A5F0084F662 /* Build configuration list for PBXNativeTarget "WebSocketChatTests" */;
			buildPhases = (
				F919A0FE19278A5F0084F662 /* Sources */,
				F919A0FF19278A5F0084F662 /* Frameworks */,
				F919A10019278A5F0084F662 /* Resources */,
			);
			buildRules = (
			);
			dependencies = (
				F919A10819278A5F0084F662 /* PBXTargetDependency */,
			);
			name = WebSocketChatTests;
			productName = WebSocketChatTests;
			productReference = F919A10219278A5F0084F662 /* WebSocketChatTests.xctest */;
			productType = "com.apple.product-type.bundle.unit-test";
		};
/* End PBXNativeTarget section */

/* Begin PBXProject section */
		F919A0D619278A5F0084F662 /* Project object */ = {
			isa = PBXProject;
			attributes = {
				LastUpgradeCheck = 0510;
				ORGANIZATIONNAME = "相澤 隆志";
				TargetAttributes = {
					F919A10119278A5F0084F662 = {
						TestTargetID = F919A0DD19278A5F0084F662;
					};
				};
			};
			buildConfigurationList = F919A0D919278A5F0084F662 /* Build configuration list for PBXProject "WebSocketChat" */;
			compatibilityVersion = "Xcode 3.2";
			developmentRegion = English;
			hasScannedForEncodings = 0;
			knownRegions = (
				en,
				Base,
			);
			mainGroup = F919A0D519278A5F0084F662;
			productRefGroup = F919A0DF19278A5F0084F662 /* Products */;
			projectDirPath = "";
			projectReferences = (
				{
					ProductGroup = F919A1301927907F0084F662 /* Products */;
					ProjectRef = F919A12F1927907F0084F662 /* SocketRocket.xcodeproj */;
				},
			);
			projectRoot = "";
			targets = (
				F919A0DD19278A5F0084F662 /* WebSocketChat */,
				F919A10119278A5F0084F662 /* WebSocketChatTests */,
			);
		};
/* End PBXProject section */

/* Begin PBXReferenceProxy section */
		F919A137192790800084F662 /* libSocketRocket.a */ = {
			isa = PBXReferenceProxy;
			fileType = archive.ar;
			path = libSocketRocket.a;
			remoteRef = F919A136192790800084F662 /* PBXContainerItemProxy */;
			sourceTree = BUILT_PRODUCTS_DIR;
		};
		F919A139192790800084F662 /* SocketRocket.framework */ = {
			isa = PBXReferenceProxy;
			fileType = wrapper.framework;
			path = SocketRocket.framework;
			remoteRef = F919A138192790800084F662 /* PBXContainerItemProxy */;
			sourceTree = BUILT_PRODUCTS_DIR;
		};
		F919A13B192790800084F662 /* SRWebSocketTests.octest */ = {
			isa = PBXReferenceProxy;
			fileType = wrapper.cfbundle;
			path = SRWebSocketTests.octest;
			remoteRef = F919A13A192790800084F662 /* PBXContainerItemProxy */;
			sourceTree = BUILT_PRODUCTS_DIR;
		};
		F919A13D192790800084F662 /* TestChat.app */ = {
			isa = PBXReferenceProxy;
			fileType = wrapper.application;
			path = TestChat.app;
			remoteRef = F919A13C192790800084F662 /* PBXContainerItemProxy */;
			sourceTree = BUILT_PRODUCTS_DIR;
		};
/* End PBXReferenceProxy section */

/* Begin PBXResourcesBuildPhase section */
		F919A0DC19278A5F0084F662 /* Resources */ = {
			isa = PBXResourcesBuildPhase;
			buildActionMask = 2147483647;
			files = (
				F919A0F819278A5F0084F662 /* Main_iPad.storyboard in Resources */,
				F919A0FD19278A5F0084F662 /* Images.xcassets in Resources */,
				F919A0F519278A5F0084F662 /* Main_iPhone.storyboard in Resources */,
				F919A0EC19278A5F0084F662 /* InfoPlist.strings in Resources */,
			);
			runOnlyForDeploymentPostprocessing = 0;
		};
		F919A10019278A5F0084F662 /* Resources */ = {
			isa = PBXResourcesBuildPhase;
			buildActionMask = 2147483647;
			files = (
				F919A10E19278A5F0084F662 /* InfoPlist.strings in Resources */,
			);
			runOnlyForDeploymentPostprocessing = 0;
		};
/* End PBXResourcesBuildPhase section */

/* Begin PBXSourcesBuildPhase section */
		F919A0DA19278A5F0084F662 /* Sources */ = {
			isa = PBXSourcesBuildPhase;
			buildActionMask = 2147483647;
			files = (
				F919A0FB19278A5F0084F662 /* ViewController.m in Sources */,
				F919A0F219278A5F0084F662 /* AppDelegate.m in Sources */,
				F919A0EE19278A5F0084F662 /* main.m in Sources */,
			);
			runOnlyForDeploymentPostprocessing = 0;
		};
		F919A0FE19278A5F0084F662 /* Sources */ = {
			isa = PBXSourcesBuildPhase;
			buildActionMask = 2147483647;
			files = (
				F919A11019278A5F0084F662 /* WebSocketChatTests.m in Sources */,
			);
			runOnlyForDeploymentPostprocessing = 0;
		};
/* End PBXSourcesBuildPhase section */

/* Begin PBXTargetDependency section */
		F919A10819278A5F0084F662 /* PBXTargetDependency */ = {
			isa = PBXTargetDependency;
			target = F919A0DD19278A5F0084F662 /* WebSocketChat */;
			targetProxy = F919A10719278A5F0084F662 /* PBXContainerItemProxy */;
		};
/* End PBXTargetDependency section */

/* Begin PBXVariantGroup section */
		F919A0EA19278A5F0084F662 /* InfoPlist.strings */ = {
			isa = PBXVariantGroup;
			children = (
				F919A0EB19278A5F0084F662 /* en */,
			);
			name = InfoPlist.strings;
			sourceTree = "<group>";
		};
		F919A0F319278A5F0084F662 /* Main_iPhone.storyboard */ = {
			isa = PBXVariantGroup;
			children = (
				F919A0F419278A5F0084F662 /* Base */,
			);
			name = Main_iPhone.storyboard;
			sourceTree = "<group>";
		};
		F919A0F619278A5F0084F662 /* Main_iPad.storyboard */ = {
			isa = PBXVariantGroup;
			children = (
				F919A0F719278A5F0084F662 /* Base */,
			);
			name = Main_iPad.storyboard;
			sourceTree = "<group>";
		};
		F919A10C19278A5F0084F662 /* InfoPlist.strings */ = {
			isa = PBXVariantGroup;
			children = (
				F919A10D19278A5F0084F662 /* en */,
			);
			name = InfoPlist.strings;
			sourceTree = "<group>";
		};
/* End PBXVariantGroup section */

/* Begin XCBuildConfiguration section */
		F919A11119278A5F0084F662 /* Debug */ = {
			isa = XCBuildConfiguration;
			buildSettings = {
				ALWAYS_SEARCH_USER_PATHS = NO;
				CLANG_CXX_LANGUAGE_STANDARD = "gnu++0x";
				CLANG_CXX_LIBRARY = "libc++";
				CLANG_ENABLE_MODULES = YES;
				CLANG_ENABLE_OBJC_ARC = YES;
				CLANG_WARN_BOOL_CONVERSION = YES;
				CLANG_WARN_CONSTANT_CONVERSION = YES;
				CLANG_WARN_DIRECT_OBJC_ISA_USAGE = YES_ERROR;
				CLANG_WARN_EMPTY_BODY = YES;
				CLANG_WARN_ENUM_CONVERSION = YES;
				CLANG_WARN_INT_CONVERSION = YES;
				CLANG_WARN_OBJC_ROOT_CLASS = YES_ERROR;
				CLANG_WARN__DUPLICATE_METHOD_MATCH = YES;
				"CODE_SIGN_IDENTITY[sdk=iphoneos*]" = "iPhone Developer";
				COPY_PHASE_STRIP = NO;
				GCC_C_LANGUAGE_STANDARD = gnu99;
				GCC_DYNAMIC_NO_PIC = NO;
				GCC_OPTIMIZATION_LEVEL = 0;
				GCC_PREPROCESSOR_DEFINITIONS = (
					"DEBUG=1",
					"$(inherited)",
				);
				GCC_SYMBOLS_PRIVATE_EXTERN = NO;
				GCC_WARN_64_TO_32_BIT_CONVERSION = YES;
				GCC_WARN_ABOUT_RETURN_TYPE = YES_ERROR;
				GCC_WARN_UNDECLARED_SELECTOR = YES;
				GCC_WARN_UNINITIALIZED_AUTOS = YES_AGGRESSIVE;
				GCC_WARN_UNUSED_FUNCTION = YES;
				GCC_WARN_UNUSED_VARIABLE = YES;
				IPHONEOS_DEPLOYMENT_TARGET = 7.1;
				ONLY_ACTIVE_ARCH = YES;
				SDKROOT = iphoneos;
				TARGETED_DEVICE_FAMILY = "1,2";
			};
			name = Debug;
		};
		F919A11219278A5F0084F662 /* Release */ = {
			isa = XCBuildConfiguration;
			buildSettings = {
				ALWAYS_SEARCH_USER_PATHS = NO;
				CLANG_CXX_LANGUAGE_STANDARD = "gnu++0x";
				CLANG_CXX_LIBRARY = "libc++";
				CLANG_ENABLE_MODULES = YES;
				CLANG_ENABLE_OBJC_ARC = YES;
				CLANG_WARN_BOOL_CONVERSION = YES;
				CLANG_WARN_CONSTANT_CONVERSION = YES;
				CLANG_WARN_DIRECT_OBJC_ISA_USAGE = YES_ERROR;
				CLANG_WARN_EMPTY_BODY = YES;
				CLANG_WARN_ENUM_CONVERSION = YES;
				CLANG_WARN_INT_CONVERSION = YES;
				CLANG_WARN_OBJC_ROOT_CLASS = YES_ERROR;
				CLANG_WARN__DUPLICATE_METHOD_MATCH = YES;
				"CODE_SIGN_IDENTITY[sdk=iphoneos*]" = "iPhone Developer";
				COPY_PHASE_STRIP = YES;
				ENABLE_NS_ASSERTIONS = NO;
				GCC_C_LANGUAGE_STANDARD = gnu99;
				GCC_WARN_64_TO_32_BIT_CONVERSION = YES;
				GCC_WARN_ABOUT_RETURN_TYPE = YES_ERROR;
				GCC_WARN_UNDECLARED_SELECTOR = YES;
				GCC_WARN_UNINITIALIZED_AUTOS = YES_AGGRESSIVE;
				GCC_WARN_UNUSED_FUNCTION = YES;
				GCC_WARN_UNUSED_VARIABLE = YES;
				IPHONEOS_DEPLOYMENT_TARGET = 7.1;
				SDKROOT = iphoneos;
				TARGETED_DEVICE_FAMILY = "1,2";
				VALIDATE_PRODUCT = YES;
			};
			name = Release;
		};
		F919A11419278A5F0084F662 /* Debug */ = {
			isa = XCBuildConfiguration;
			buildSettings = {
				ALWAYS_SEARCH_USER_PATHS = YES;
				ASSETCATALOG_COMPILER_APPICON_NAME = AppIcon;
				ASSETCATALOG_COMPILER_LAUNCHIMAGE_NAME = LaunchImage;
				GCC_PRECOMPILE_PREFIX_HEADER = YES;
				GCC_PREFIX_HEADER = "WebSocketChat/WebSocketChat-Prefix.pch";
				HEADER_SEARCH_PATHS = (
					"$(inherited)",
					/Applications/Xcode.app/Contents/Developer/Toolchains/XcodeDefault.xctoolchain/usr/include,
					"$(PROJECT_DIR)/SocketRocket",
				);
				INFOPLIST_FILE = "WebSocketChat/WebSocketChat-Info.plist";
				OTHER_LDFLAGS = "-ObjC";
				PRODUCT_NAME = "$(TARGET_NAME)";
				USER_HEADER_SEARCH_PATHS = "$(PROJECT_DIR)/SocketRocket";
				WRAPPER_EXTENSION = app;
			};
			name = Debug;
		};
		F919A11519278A5F0084F662 /* Release */ = {
			isa = XCBuildConfiguration;
			buildSettings = {
				ALWAYS_SEARCH_USER_PATHS = YES;
				ASSETCATALOG_COMPILER_APPICON_NAME = AppIcon;
				ASSETCATALOG_COMPILER_LAUNCHIMAGE_NAME = LaunchImage;
				GCC_PRECOMPILE_PREFIX_HEADER = YES;
				GCC_PREFIX_HEADER = "WebSocketChat/WebSocketChat-Prefix.pch";
				HEADER_SEARCH_PATHS = (
					"$(inherited)",
					/Applications/Xcode.app/Contents/Developer/Toolchains/XcodeDefault.xctoolchain/usr/include,
					"$(PROJECT_DIR)/SocketRocket",
				);
				INFOPLIST_FILE = "WebSocketChat/WebSocketChat-Info.plist";
				OTHER_LDFLAGS = "-ObjC";
				PRODUCT_NAME = "$(TARGET_NAME)";
				USER_HEADER_SEARCH_PATHS = "$(PROJECT_DIR)/SocketRocket";
				WRAPPER_EXTENSION = app;
			};
			name = Release;
		};
		F919A11719278A5F0084F662 /* Debug */ = {
			isa = XCBuildConfiguration;
			buildSettings = {
				BUNDLE_LOADER = "$(BUILT_PRODUCTS_DIR)/WebSocketChat.app/WebSocketChat";
				FRAMEWORK_SEARCH_PATHS = (
					"$(SDKROOT)/Developer/Library/Frameworks",
					"$(inherited)",
					"$(DEVELOPER_FRAMEWORKS_DIR)",
				);
				GCC_PRECOMPILE_PREFIX_HEADER = YES;
				GCC_PREFIX_HEADER = "WebSocketChat/WebSocketChat-Prefix.pch";
				GCC_PREPROCESSOR_DEFINITIONS = (
					"DEBUG=1",
					"$(inherited)",
				);
				INFOPLIST_FILE = "WebSocketChatTests/WebSocketChatTests-Info.plist";
				PRODUCT_NAME = "$(TARGET_NAME)";
				TEST_HOST = "$(BUNDLE_LOADER)";
				WRAPPER_EXTENSION = xctest;
			};
			name = Debug;
		};
		F919A11819278A5F0084F662 /* Release */ = {
			isa = XCBuildConfiguration;
			buildSettings = {
				BUNDLE_LOADER = "$(BUILT_PRODUCTS_DIR)/WebSocketChat.app/WebSocketChat";
				FRAMEWORK_SEARCH_PATHS = (
					"$(SDKROOT)/Developer/Library/Frameworks",
					"$(inherited)",
					"$(DEVELOPER_FRAMEWORKS_DIR)",
				);
				GCC_PRECOMPILE_PREFIX_HEADER = YES;
				GCC_PREFIX_HEADER = "WebSocketChat/WebSocketChat-Prefix.pch";
				INFOPLIST_FILE = "WebSocketChatTests/WebSocketChatTests-Info.plist";
				PRODUCT_NAME = "$(TARGET_NAME)";
				TEST_HOST = "$(BUNDLE_LOADER)";
				WRAPPER_EXTENSION = xctest;
			};
			name = Release;
		};
/* End XCBuildConfiguration section */

/* Begin XCConfigurationList section */
		F919A0D919278A5F0084F662 /* Build configuration list for PBXProject "WebSocketChat" */ = {
			isa = XCConfigurationList;
			buildConfigurations = (
				F919A11119278A5F0084F662 /* Debug */,
				F919A11219278A5F0084F662 /* Release */,
			);
			defaultConfigurationIsVisible = 0;
			defaultConfigurationName = Release;
		};
		F919A11319278A5F0084F662 /* Build configuration list for PBXNativeTarget "WebSocketChat" */ = {
			isa = XCConfigurationList;
			buildConfigurations = (
				F919A11419278A5F0084F662 /* Debug */,
				F919A11519278A5F0084F662 /* Release */,
			);
			defaultConfigurationIsVisible = 0;
		};
		F919A11619278A5F0084F662 /* Build configuration list for PBXNativeTarget "WebSocketChatTests" */ = {
			isa = XCConfigurationList;
			buildConfigurations = (
				F919A11719278A5F0084F662 /* Debug */,
				F919A11819278A5F0084F662 /* Release */,
			);
			defaultConfigurationIsVisible = 0;
		};
/* End XCConfigurationList section */
	};
	rootObject = F919A0D619278A5F0084F662 /* Project object */;
}
